// !$*UTF8*$!
{
	archiveVersion = 1;
	classes = {
	};
	objectVersion = 46;
	objects = {

/* Begin PBXBuildFile section */
		A35CC2F11AD675D70064360F /* SLTMetrics.m in Sources */ = {isa = PBXBuildFile; fileRef = A35CC2EE1AD675D70064360F /* SLTMetrics.m */; };
		A35CC2F21AD675D70064360F /* SLTPosition.m in Sources */ = {isa = PBXBuildFile; fileRef = A35CC2F01AD675D70064360F /* SLTPosition.m */; };
		A35CC2F51AD6762E0064360F /* NSArray+Additions.m in Sources */ = {isa = PBXBuildFile; fileRef = A35CC2F41AD6762E0064360F /* NSArray+Additions.m */; };
		A35CC2F81AD676960064360F /* Utils.m in Sources */ = {isa = PBXBuildFile; fileRef = A35CC2F71AD676960064360F /* Utils.m */; };
		A363224F1ACE91C100DC3775 /* SLTUtilitiesTests.m in Sources */ = {isa = PBXBuildFile; fileRef = A363224E1ACE91C100DC3775 /* SLTUtilitiesTests.m */; };
		A36322511ACEC54F00DC3775 /* SLTStickyCollectionViewLayoutTests.m in Sources */ = {isa = PBXBuildFile; fileRef = A36322501ACEC54F00DC3775 /* SLTStickyCollectionViewLayoutTests.m */; };
		A36322611ACEC5BC00DC3775 /* libOCMock.a in Frameworks */ = {isa = PBXBuildFile; fileRef = A36322561ACEC5BC00DC3775 /* libOCMock.a */; };
		A377C9891ACBE53C00DD0558 /* libSLTStickyCollectionViewLayout.a in Frameworks */ = {isa = PBXBuildFile; fileRef = A377C97D1ACBE53B00DD0558 /* libSLTStickyCollectionViewLayout.a */; };
		A377C99F1ACBE6EE00DD0558 /* SLTStickyLayoutItemZoneTests.m in Sources */ = {isa = PBXBuildFile; fileRef = A377C99D1ACBE6EE00DD0558 /* SLTStickyLayoutItemZoneTests.m */; };
		A377C9A01ACBE6EE00DD0558 /* SLTStickyLayoutSectionTests.m in Sources */ = {isa = PBXBuildFile; fileRef = A377C99E1ACBE6EE00DD0558 /* SLTStickyLayoutSectionTests.m */; };
		A3AC85B31AD583C700FDEDBC /* SLTStickyCollectionViewLayout.m in Sources */ = {isa = PBXBuildFile; fileRef = A3AC85A91AD5836400FDEDBC /* SLTStickyCollectionViewLayout.m */; };
		A3AC85B41AD583C700FDEDBC /* SLTStickyLayoutItemZone.m in Sources */ = {isa = PBXBuildFile; fileRef = A3AC85AB1AD5836400FDEDBC /* SLTStickyLayoutItemZone.m */; };
		A3AC85B51AD583C700FDEDBC /* SLTStickyLayoutSection.m in Sources */ = {isa = PBXBuildFile; fileRef = A3AC85AD1AD5836400FDEDBC /* SLTStickyLayoutSection.m */; };
		A3AC85B71AD5840600FDEDBC /* SLTStickyCollectionViewLayout.h in CopyFiles */ = {isa = PBXBuildFile; fileRef = A3AC85A81AD5836400FDEDBC /* SLTStickyCollectionViewLayout.h */; };
/* End PBXBuildFile section */

/* Begin PBXContainerItemProxy section */
		A377C98A1ACBE53C00DD0558 /* PBXContainerItemProxy */ = {
			isa = PBXContainerItemProxy;
			containerPortal = A377C9751ACBE53B00DD0558 /* Project object */;
			proxyType = 1;
			remoteGlobalIDString = A377C97C1ACBE53B00DD0558;
			remoteInfo = SLTStickyCollectionViewLayout;
		};
/* End PBXContainerItemProxy section */

/* Begin PBXCopyFilesBuildPhase section */
		A377C97B1ACBE53B00DD0558 /* CopyFiles */ = {
			isa = PBXCopyFilesBuildPhase;
			buildActionMask = 2147483647;
			dstPath = "include/$(PRODUCT_NAME)";
			dstSubfolderSpec = 16;
			files = (
				A3AC85B71AD5840600FDEDBC /* SLTStickyCollectionViewLayout.h in CopyFiles */,
			);
			runOnlyForDeploymentPostprocessing = 0;
		};
/* End PBXCopyFilesBuildPhase section */

/* Begin PBXFileReference section */
		A35CC2ED1AD675D70064360F /* SLTMetrics.h */ = {isa = PBXFileReference; fileEncoding = 4; lastKnownFileType = sourcecode.c.h; path = SLTMetrics.h; sourceTree = "<group>"; };
		A35CC2EE1AD675D70064360F /* SLTMetrics.m */ = {isa = PBXFileReference; fileEncoding = 4; lastKnownFileType = sourcecode.c.objc; path = SLTMetrics.m; sourceTree = "<group>"; };
		A35CC2EF1AD675D70064360F /* SLTPosition.h */ = {isa = PBXFileReference; fileEncoding = 4; lastKnownFileType = sourcecode.c.h; path = SLTPosition.h; sourceTree = "<group>"; };
		A35CC2F01AD675D70064360F /* SLTPosition.m */ = {isa = PBXFileReference; fileEncoding = 4; lastKnownFileType = sourcecode.c.objc; path = SLTPosition.m; sourceTree = "<group>"; };
		A35CC2F31AD6762E0064360F /* NSArray+Additions.h */ = {isa = PBXFileReference; fileEncoding = 4; lastKnownFileType = sourcecode.c.h; path = "NSArray+Additions.h"; sourceTree = "<group>"; };
		A35CC2F41AD6762E0064360F /* NSArray+Additions.m */ = {isa = PBXFileReference; fileEncoding = 4; lastKnownFileType = sourcecode.c.objc; path = "NSArray+Additions.m"; sourceTree = "<group>"; };
		A35CC2F61AD676960064360F /* Utils.h */ = {isa = PBXFileReference; fileEncoding = 4; lastKnownFileType = sourcecode.c.h; path = Utils.h; sourceTree = "<group>"; };
		A35CC2F71AD676960064360F /* Utils.m */ = {isa = PBXFileReference; fileEncoding = 4; lastKnownFileType = sourcecode.c.objc; path = Utils.m; sourceTree = "<group>"; };
		A363224E1ACE91C100DC3775 /* SLTUtilitiesTests.m */ = {isa = PBXFileReference; fileEncoding = 4; lastKnownFileType = sourcecode.c.objc; path = SLTUtilitiesTests.m; sourceTree = "<group>"; };
		A36322501ACEC54F00DC3775 /* SLTStickyCollectionViewLayoutTests.m */ = {isa = PBXFileReference; fileEncoding = 4; lastKnownFileType = sourcecode.c.objc; path = SLTStickyCollectionViewLayoutTests.m; sourceTree = "<group>"; };
		A36322561ACEC5BC00DC3775 /* libOCMock.a */ = {isa = PBXFileReference; lastKnownFileType = archive.ar; path = libOCMock.a; sourceTree = "<group>"; };
		A36322581ACEC5BC00DC3775 /* NSNotificationCenter+OCMAdditions.h */ = {isa = PBXFileReference; fileEncoding = 4; lastKnownFileType = sourcecode.c.h; path = "NSNotificationCenter+OCMAdditions.h"; sourceTree = "<group>"; };
		A36322591ACEC5BC00DC3775 /* OCMArg.h */ = {isa = PBXFileReference; fileEncoding = 4; lastKnownFileType = sourcecode.c.h; path = OCMArg.h; sourceTree = "<group>"; };
		A363225A1ACEC5BC00DC3775 /* OCMConstraint.h */ = {isa = PBXFileReference; fileEncoding = 4; lastKnownFileType = sourcecode.c.h; path = OCMConstraint.h; sourceTree = "<group>"; };
		A363225B1ACEC5BC00DC3775 /* OCMLocation.h */ = {isa = PBXFileReference; fileEncoding = 4; lastKnownFileType = sourcecode.c.h; path = OCMLocation.h; sourceTree = "<group>"; };
		A363225C1ACEC5BC00DC3775 /* OCMMacroState.h */ = {isa = PBXFileReference; fileEncoding = 4; lastKnownFileType = sourcecode.c.h; path = OCMMacroState.h; sourceTree = "<group>"; };
		A363225D1ACEC5BC00DC3775 /* OCMock.h */ = {isa = PBXFileReference; fileEncoding = 4; lastKnownFileType = sourcecode.c.h; path = OCMock.h; sourceTree = "<group>"; };
		A363225E1ACEC5BC00DC3775 /* OCMockObject.h */ = {isa = PBXFileReference; fileEncoding = 4; lastKnownFileType = sourcecode.c.h; path = OCMockObject.h; sourceTree = "<group>"; };
		A363225F1ACEC5BC00DC3775 /* OCMRecorder.h */ = {isa = PBXFileReference; fileEncoding = 4; lastKnownFileType = sourcecode.c.h; path = OCMRecorder.h; sourceTree = "<group>"; };
		A36322601ACEC5BC00DC3775 /* OCMStubRecorder.h */ = {isa = PBXFileReference; fileEncoding = 4; lastKnownFileType = sourcecode.c.h; path = OCMStubRecorder.h; sourceTree = "<group>"; };
		A377C97D1ACBE53B00DD0558 /* libSLTStickyCollectionViewLayout.a */ = {isa = PBXFileReference; explicitFileType = archive.ar; includeInIndex = 0; path = libSLTStickyCollectionViewLayout.a; sourceTree = BUILT_PRODUCTS_DIR; };
		A377C9881ACBE53C00DD0558 /* SLTStickyCollectionViewLayoutTests.xctest */ = {isa = PBXFileReference; explicitFileType = wrapper.cfbundle; includeInIndex = 0; path = SLTStickyCollectionViewLayoutTests.xctest; sourceTree = BUILT_PRODUCTS_DIR; };
		A377C98E1ACBE53C00DD0558 /* Info.plist */ = {isa = PBXFileReference; lastKnownFileType = text.plist.xml; path = Info.plist; sourceTree = "<group>"; };
		A377C99D1ACBE6EE00DD0558 /* SLTStickyLayoutItemZoneTests.m */ = {isa = PBXFileReference; fileEncoding = 4; lastKnownFileType = sourcecode.c.objc; path = SLTStickyLayoutItemZoneTests.m; sourceTree = "<group>"; };
		A377C99E1ACBE6EE00DD0558 /* SLTStickyLayoutSectionTests.m */ = {isa = PBXFileReference; fileEncoding = 4; lastKnownFileType = sourcecode.c.objc; path = SLTStickyLayoutSectionTests.m; sourceTree = "<group>"; };
		A3AC85A81AD5836400FDEDBC /* SLTStickyCollectionViewLayout.h */ = {isa = PBXFileReference; fileEncoding = 4; lastKnownFileType = sourcecode.c.h; path = SLTStickyCollectionViewLayout.h; sourceTree = "<group>"; };
		A3AC85A91AD5836400FDEDBC /* SLTStickyCollectionViewLayout.m */ = {isa = PBXFileReference; fileEncoding = 4; lastKnownFileType = sourcecode.c.objc; path = SLTStickyCollectionViewLayout.m; sourceTree = "<group>"; };
		A3AC85AA1AD5836400FDEDBC /* SLTStickyLayoutItemZone.h */ = {isa = PBXFileReference; fileEncoding = 4; lastKnownFileType = sourcecode.c.h; path = SLTStickyLayoutItemZone.h; sourceTree = "<group>"; };
		A3AC85AB1AD5836400FDEDBC /* SLTStickyLayoutItemZone.m */ = {isa = PBXFileReference; fileEncoding = 4; lastKnownFileType = sourcecode.c.objc; path = SLTStickyLayoutItemZone.m; sourceTree = "<group>"; };
		A3AC85AC1AD5836400FDEDBC /* SLTStickyLayoutSection.h */ = {isa = PBXFileReference; fileEncoding = 4; lastKnownFileType = sourcecode.c.h; path = SLTStickyLayoutSection.h; sourceTree = "<group>"; };
		A3AC85AD1AD5836400FDEDBC /* SLTStickyLayoutSection.m */ = {isa = PBXFileReference; fileEncoding = 4; lastKnownFileType = sourcecode.c.objc; path = SLTStickyLayoutSection.m; sourceTree = "<group>"; };
/* End PBXFileReference section */

/* Begin PBXFrameworksBuildPhase section */
		A377C97A1ACBE53B00DD0558 /* Frameworks */ = {
			isa = PBXFrameworksBuildPhase;
			buildActionMask = 2147483647;
			files = (
			);
			runOnlyForDeploymentPostprocessing = 0;
		};
		A377C9851ACBE53C00DD0558 /* Frameworks */ = {
			isa = PBXFrameworksBuildPhase;
			buildActionMask = 2147483647;
			files = (
				A377C9891ACBE53C00DD0558 /* libSLTStickyCollectionViewLayout.a in Frameworks */,
				A36322611ACEC5BC00DC3775 /* libOCMock.a in Frameworks */,
			);
			runOnlyForDeploymentPostprocessing = 0;
		};
/* End PBXFrameworksBuildPhase section */

/* Begin PBXGroup section */
		A35CC2EC1AD675D70064360F /* HelpingClasses */ = {
			isa = PBXGroup;
			children = (
				A35CC2ED1AD675D70064360F /* SLTMetrics.h */,
				A35CC2EE1AD675D70064360F /* SLTMetrics.m */,
				A35CC2EF1AD675D70064360F /* SLTPosition.h */,
				A35CC2F01AD675D70064360F /* SLTPosition.m */,
				A35CC2F31AD6762E0064360F /* NSArray+Additions.h */,
				A35CC2F41AD6762E0064360F /* NSArray+Additions.m */,
				A35CC2F61AD676960064360F /* Utils.h */,
				A35CC2F71AD676960064360F /* Utils.m */,
			);
			path = HelpingClasses;
			sourceTree = "<group>";
		};
		A36322541ACEC5BC00DC3775 /* ExternalSources */ = {
			isa = PBXGroup;
			children = (
				A36322551ACEC5BC00DC3775 /* OCMock3.1.2 */,
			);
			path = ExternalSources;
			sourceTree = "<group>";
		};
		A36322551ACEC5BC00DC3775 /* OCMock3.1.2 */ = {
			isa = PBXGroup;
			children = (
				A36322561ACEC5BC00DC3775 /* libOCMock.a */,
				A36322571ACEC5BC00DC3775 /* OCMock */,
			);
			path = OCMock3.1.2;
			sourceTree = "<group>";
		};
		A36322571ACEC5BC00DC3775 /* OCMock */ = {
			isa = PBXGroup;
			children = (
				A36322581ACEC5BC00DC3775 /* NSNotificationCenter+OCMAdditions.h */,
				A36322591ACEC5BC00DC3775 /* OCMArg.h */,
				A363225A1ACEC5BC00DC3775 /* OCMConstraint.h */,
				A363225B1ACEC5BC00DC3775 /* OCMLocation.h */,
				A363225C1ACEC5BC00DC3775 /* OCMMacroState.h */,
				A363225D1ACEC5BC00DC3775 /* OCMock.h */,
				A363225E1ACEC5BC00DC3775 /* OCMockObject.h */,
				A363225F1ACEC5BC00DC3775 /* OCMRecorder.h */,
				A36322601ACEC5BC00DC3775 /* OCMStubRecorder.h */,
			);
			path = OCMock;
			sourceTree = "<group>";
		};
		A377C9741ACBE53B00DD0558 = {
			isa = PBXGroup;
			children = (
				A3AC85A51AD5836400FDEDBC /* SLTStickyCollectionViewLayout */,
				A377C98C1ACBE53C00DD0558 /* SLTStickyCollectionViewLayoutTests */,
				A36322541ACEC5BC00DC3775 /* ExternalSources */,
				A377C97E1ACBE53B00DD0558 /* Products */,
			);
			sourceTree = "<group>";
		};
		A377C97E1ACBE53B00DD0558 /* Products */ = {
			isa = PBXGroup;
			children = (
				A377C97D1ACBE53B00DD0558 /* libSLTStickyCollectionViewLayout.a */,
				A377C9881ACBE53C00DD0558 /* SLTStickyCollectionViewLayoutTests.xctest */,
			);
			name = Products;
			sourceTree = "<group>";
		};
		A377C98C1ACBE53C00DD0558 /* SLTStickyCollectionViewLayoutTests */ = {
			isa = PBXGroup;
			children = (
				A36322501ACEC54F00DC3775 /* SLTStickyCollectionViewLayoutTests.m */,
				A377C99E1ACBE6EE00DD0558 /* SLTStickyLayoutSectionTests.m */,
				A377C99D1ACBE6EE00DD0558 /* SLTStickyLayoutItemZoneTests.m */,
				A363224E1ACE91C100DC3775 /* SLTUtilitiesTests.m */,
				A377C98D1ACBE53C00DD0558 /* Supporting Files */,
			);
			path = SLTStickyCollectionViewLayoutTests;
			sourceTree = "<group>";
		};
		A377C98D1ACBE53C00DD0558 /* Supporting Files */ = {
			isa = PBXGroup;
			children = (
				A377C98E1ACBE53C00DD0558 /* Info.plist */,
			);
			name = "Supporting Files";
			sourceTree = "<group>";
		};
		A3AC85A51AD5836400FDEDBC /* SLTStickyCollectionViewLayout */ = {
			isa = PBXGroup;
			children = (
				A35CC2EC1AD675D70064360F /* HelpingClasses */,
				A3AC85A81AD5836400FDEDBC /* SLTStickyCollectionViewLayout.h */,
				A3AC85A91AD5836400FDEDBC /* SLTStickyCollectionViewLayout.m */,
				A3AC85AC1AD5836400FDEDBC /* SLTStickyLayoutSection.h */,
				A3AC85AD1AD5836400FDEDBC /* SLTStickyLayoutSection.m */,
				A3AC85AA1AD5836400FDEDBC /* SLTStickyLayoutItemZone.h */,
				A3AC85AB1AD5836400FDEDBC /* SLTStickyLayoutItemZone.m */,
			);
			path = SLTStickyCollectionViewLayout;
			sourceTree = "<group>";
		};
/* End PBXGroup section */

/* Begin PBXNativeTarget section */
		A377C97C1ACBE53B00DD0558 /* SLTStickyCollectionViewLayout */ = {
			isa = PBXNativeTarget;
			buildConfigurationList = A377C9911ACBE53C00DD0558 /* Build configuration list for PBXNativeTarget "SLTStickyCollectionViewLayout" */;
			buildPhases = (
				A377C9791ACBE53B00DD0558 /* Sources */,
				A377C97A1ACBE53B00DD0558 /* Frameworks */,
				A377C97B1ACBE53B00DD0558 /* CopyFiles */,
				A377C9A11ACBE82800DD0558 /* ShellScript */,
			);
			buildRules = (
			);
			dependencies = (
			);
			name = SLTStickyCollectionViewLayout;
			productName = SLTStickyCollectionViewLayout;
			productReference = A377C97D1ACBE53B00DD0558 /* libSLTStickyCollectionViewLayout.a */;
			productType = "com.apple.product-type.library.static";
		};
		A377C9871ACBE53C00DD0558 /* SLTStickyCollectionViewLayoutTests */ = {
			isa = PBXNativeTarget;
			buildConfigurationList = A377C9941ACBE53C00DD0558 /* Build configuration list for PBXNativeTarget "SLTStickyCollectionViewLayoutTests" */;
			buildPhases = (
				A377C9841ACBE53C00DD0558 /* Sources */,
				A377C9851ACBE53C00DD0558 /* Frameworks */,
				A377C9861ACBE53C00DD0558 /* Resources */,
			);
			buildRules = (
			);
			dependencies = (
				A377C98B1ACBE53C00DD0558 /* PBXTargetDependency */,
			);
			name = SLTStickyCollectionViewLayoutTests;
			productName = SLTStickyCollectionViewLayoutTests;
			productReference = A377C9881ACBE53C00DD0558 /* SLTStickyCollectionViewLayoutTests.xctest */;
			productType = "com.apple.product-type.bundle.unit-test";
		};
/* End PBXNativeTarget section */

/* Begin PBXProject section */
		A377C9751ACBE53B00DD0558 /* Project object */ = {
			isa = PBXProject;
			attributes = {
				LastUpgradeCheck = 0620;
				ORGANIZATIONNAME = YOPESO;
				TargetAttributes = {
					A377C97C1ACBE53B00DD0558 = {
						CreatedOnToolsVersion = 6.2;
					};
					A377C9871ACBE53C00DD0558 = {
						CreatedOnToolsVersion = 6.2;
					};
				};
			};
			buildConfigurationList = A377C9781ACBE53B00DD0558 /* Build configuration list for PBXProject "SLTStickyCollectionViewLayout" */;
			compatibilityVersion = "Xcode 3.2";
			developmentRegion = English;
			hasScannedForEncodings = 0;
			knownRegions = (
				en,
			);
			mainGroup = A377C9741ACBE53B00DD0558;
			productRefGroup = A377C97E1ACBE53B00DD0558 /* Products */;
			projectDirPath = "";
			projectRoot = "";
			targets = (
				A377C97C1ACBE53B00DD0558 /* SLTStickyCollectionViewLayout */,
				A377C9871ACBE53C00DD0558 /* SLTStickyCollectionViewLayoutTests */,
			);
		};
/* End PBXProject section */

/* Begin PBXResourcesBuildPhase section */
		A377C9861ACBE53C00DD0558 /* Resources */ = {
			isa = PBXResourcesBuildPhase;
			buildActionMask = 2147483647;
			files = (
			);
			runOnlyForDeploymentPostprocessing = 0;
		};
/* End PBXResourcesBuildPhase section */

/* Begin PBXShellScriptBuildPhase section */
		A377C9A11ACBE82800DD0558 /* ShellScript */ = {
			isa = PBXShellScriptBuildPhase;
			buildActionMask = 2147483647;
			files = (
			);
			inputPaths = (
			);
			outputPaths = (
			);
			runOnlyForDeploymentPostprocessing = 0;
			shellPath = /bin/sh;
			shellScript = "set -e\nset -o pipefail\n\n#################[ Tests: helps workaround any future bugs in Xcode ]########\n#\nDEBUG_THIS_SCRIPT=\"false\"\n\nif [ $DEBUG_THIS_SCRIPT = \"true\" ]\nthen\necho \"########### TESTS #############\"\necho \"Use the following variables when debugging this script; note that they may change on recursions\"\necho \"BUILD_DIR = $BUILD_DIR\"\necho \"BUILD_ROOT = $BUILD_ROOT\"\necho \"CONFIGURATION_BUILD_DIR = $CONFIGURATION_BUILD_DIR\"\necho \"BUILT_PRODUCTS_DIR = $BUILT_PRODUCTS_DIR\"\necho \"CONFIGURATION_TEMP_DIR = $CONFIGURATION_TEMP_DIR\"\necho \"TARGET_BUILD_DIR = $TARGET_BUILD_DIR\"\nfi\n\n#####################[ part 1 ]##################\n# First, work out the BASESDK version number (NB: Apple ought to report this, but they hide it)\n#    (incidental: searching for substrings in sh is a nightmare! Sob)\n\nSDK_VERSION=$(echo ${SDK_NAME} | grep -o '.\\{3\\}$')\n\n# Next, work out if we're in SIM or DEVICE\n\nif [ ${PLATFORM_NAME} = \"iphonesimulator\" ]\nthen\nOTHER_SDK_TO_BUILD=iphoneos${SDK_VERSION}\nelse\nOTHER_SDK_TO_BUILD=iphonesimulator${SDK_VERSION}\nfi\n\necho \"XCode has selected SDK: ${PLATFORM_NAME} with version: ${SDK_VERSION} (although back-targetting: ${IPHONEOS_DEPLOYMENT_TARGET})\"\necho \"...therefore, OTHER_SDK_TO_BUILD = ${OTHER_SDK_TO_BUILD}\"\n#\n#####################[ end of part 1 ]##################\n\n#####################[ part 2 ]##################\n#\n# IF this is the original invocation, invoke WHATEVER other builds are required\n#\n# Xcode is already building ONE target...\n#\n# ...but this is a LIBRARY, so Apple is wrong to set it to build just one.\n# ...we need to build ALL targets\n# ...we MUST NOT re-build the target that is ALREADY being built: Xcode WILL CRASH YOUR COMPUTER if you try this (infinite recursion!)\n#\n#\n# So: build ONLY the missing platforms/configurations.\n\nif [ \"true\" == ${ALREADYINVOKED:-false} ]\nthen\necho \"RECURSION: I am NOT the root invocation, so I'm NOT going to recurse\"\nelse\n# CRITICAL:\n# Prevent infinite recursion (Xcode sucks)\nexport ALREADYINVOKED=\"true\"\n\necho \"RECURSION: I am the root ... recursing all missing build targets NOW...\"\necho \"RECURSION: ...about to invoke: xcodebuild -configuration \\\"${CONFIGURATION}\\\" -project \\\"${PROJECT_NAME}.xcodeproj\\\" -target \\\"${TARGET_NAME}\\\" -sdk \\\"${OTHER_SDK_TO_BUILD}\\\" ${ACTION} RUN_CLANG_STATIC_ANALYZER=NO\" BUILD_DIR=\\\"${BUILD_DIR}\\\" BUILD_ROOT=\\\"${BUILD_ROOT}\\\" SYMROOT=\\\"${SYMROOT}\\\"\n\nxcodebuild -configuration \"${CONFIGURATION}\" -project \"${PROJECT_NAME}.xcodeproj\" -target \"${TARGET_NAME}\" -sdk \"${OTHER_SDK_TO_BUILD}\" ${ACTION} RUN_CLANG_STATIC_ANALYZER=NO BUILD_DIR=\"${BUILD_DIR}\" BUILD_ROOT=\"${BUILD_ROOT}\" SYMROOT=\"${SYMROOT}\"\n\nACTION=\"build\"\n\n#Merge all platform binaries as a fat binary for each configurations.\n\n# Calculate where the (multiple) built files are coming from:\nCURRENTCONFIG_DEVICE_DIR=${SYMROOT}/${CONFIGURATION}-iphoneos\nCURRENTCONFIG_SIMULATOR_DIR=${SYMROOT}/${CONFIGURATION}-iphonesimulator\n\necho \"Taking device build from: ${CURRENTCONFIG_DEVICE_DIR}\"\necho \"Taking simulator build from: ${CURRENTCONFIG_SIMULATOR_DIR}\"\n\nCREATING_UNIVERSAL_DIR=${SYMROOT}/${CONFIGURATION}-universal\necho \"...I will output a universal build to: ${CREATING_UNIVERSAL_DIR}\"\n\n# ... remove the products of previous runs of this script\n#      NB: this directory is ONLY created by this script - it should be safe to delete!\n\nrm -rf \"${CREATING_UNIVERSAL_DIR}\"\nmkdir \"${CREATING_UNIVERSAL_DIR}\"\n\n#\necho \"lipo: for current configuration (${CONFIGURATION}) creating output file: ${CREATING_UNIVERSAL_DIR}/${EXECUTABLE_NAME}\"\nxcrun -sdk iphoneos lipo -create -output \"${CREATING_UNIVERSAL_DIR}/${EXECUTABLE_NAME}\" \"${CURRENTCONFIG_DEVICE_DIR}/${EXECUTABLE_NAME}\" \"${CURRENTCONFIG_SIMULATOR_DIR}/${EXECUTABLE_NAME}\"\n\n#########\n#\n# Added: StackOverflow suggestion to also copy \"include\" files\n#    (untested, but should work OK)\n#\necho \"Fetching headers from ${PUBLIC_HEADERS_FOLDER_PATH}\"\necho \"  (if you embed your library project in another project, you will need to add\"\necho \"   a \"User Search Headers\" build setting of: (NB INCLUDE THE DOUBLE QUOTES BELOW!)\"\necho '        \"$(TARGET_BUILD_DIR)/usr/local/include/\"'\nif [ -d \"${CURRENTCONFIG_DEVICE_DIR}${PUBLIC_HEADERS_FOLDER_PATH}\" ]\nthen\nmkdir -p \"${CREATING_UNIVERSAL_DIR}${PUBLIC_HEADERS_FOLDER_PATH}\"\n# * needs to be outside the double quotes?\ncp -r \"${CURRENTCONFIG_DEVICE_DIR}${PUBLIC_HEADERS_FOLDER_PATH}\"* \"${CREATING_UNIVERSAL_DIR}${PUBLIC_HEADERS_FOLDER_PATH}\"\nfi\nfi";
		};
/* End PBXShellScriptBuildPhase section */

/* Begin PBXSourcesBuildPhase section */
		A377C9791ACBE53B00DD0558 /* Sources */ = {
			isa = PBXSourcesBuildPhase;
			buildActionMask = 2147483647;
			files = (
				A35CC2F21AD675D70064360F /* SLTPosition.m in Sources */,
				A3AC85B51AD583C700FDEDBC /* SLTStickyLayoutSection.m in Sources */,
				A3AC85B41AD583C700FDEDBC /* SLTStickyLayoutItemZone.m in Sources */,
				A35CC2F11AD675D70064360F /* SLTMetrics.m in Sources */,
				A35CC2F51AD6762E0064360F /* NSArray+Additions.m in Sources */,
				A35CC2F81AD676960064360F /* Utils.m in Sources */,
				A3AC85B31AD583C700FDEDBC /* SLTStickyCollectionViewLayout.m in Sources */,
			);
			runOnlyForDeploymentPostprocessing = 0;
		};
		A377C9841ACBE53C00DD0558 /* Sources */ = {
			isa = PBXSourcesBuildPhase;
			buildActionMask = 2147483647;
			files = (
				A363224F1ACE91C100DC3775 /* SLTUtilitiesTests.m in Sources */,
				A36322511ACEC54F00DC3775 /* SLTStickyCollectionViewLayoutTests.m in Sources */,
				A377C9A01ACBE6EE00DD0558 /* SLTStickyLayoutSectionTests.m in Sources */,
				A377C99F1ACBE6EE00DD0558 /* SLTStickyLayoutItemZoneTests.m in Sources */,
			);
			runOnlyForDeploymentPostprocessing = 0;
		};
/* End PBXSourcesBuildPhase section */

/* Begin PBXTargetDependency section */
		A377C98B1ACBE53C00DD0558 /* PBXTargetDependency */ = {
			isa = PBXTargetDependency;
			target = A377C97C1ACBE53B00DD0558 /* SLTStickyCollectionViewLayout */;
			targetProxy = A377C98A1ACBE53C00DD0558 /* PBXContainerItemProxy */;
		};
/* End PBXTargetDependency section */

/* Begin XCBuildConfiguration section */
		A377C98F1ACBE53C00DD0558 /* Debug */ = {
			isa = XCBuildConfiguration;
			buildSettings = {
				ALWAYS_SEARCH_USER_PATHS = NO;
				CLANG_CXX_LANGUAGE_STANDARD = "gnu++0x";
				CLANG_CXX_LIBRARY = "libc++";
				CLANG_ENABLE_MODULES = YES;
				CLANG_ENABLE_OBJC_ARC = YES;
				CLANG_WARN_BOOL_CONVERSION = YES;
				CLANG_WARN_CONSTANT_CONVERSION = YES;
				CLANG_WARN_DIRECT_OBJC_ISA_USAGE = YES_ERROR;
				CLANG_WARN_EMPTY_BODY = YES;
				CLANG_WARN_ENUM_CONVERSION = YES;
				CLANG_WARN_INT_CONVERSION = YES;
				CLANG_WARN_OBJC_ROOT_CLASS = YES_ERROR;
				CLANG_WARN_UNREACHABLE_CODE = YES;
				CLANG_WARN__DUPLICATE_METHOD_MATCH = YES;
				COPY_PHASE_STRIP = NO;
				ENABLE_STRICT_OBJC_MSGSEND = YES;
				GCC_C_LANGUAGE_STANDARD = gnu99;
				GCC_DYNAMIC_NO_PIC = NO;
				GCC_OPTIMIZATION_LEVEL = 0;
				GCC_PREPROCESSOR_DEFINITIONS = (
					"DEBUG=1",
					"$(inherited)",
				);
				GCC_SYMBOLS_PRIVATE_EXTERN = NO;
				GCC_WARN_64_TO_32_BIT_CONVERSION = YES;
				GCC_WARN_ABOUT_RETURN_TYPE = YES_ERROR;
				GCC_WARN_UNDECLARED_SELECTOR = YES;
				GCC_WARN_UNINITIALIZED_AUTOS = YES_AGGRESSIVE;
				GCC_WARN_UNUSED_FUNCTION = YES;
				GCC_WARN_UNUSED_VARIABLE = YES;
				IPHONEOS_DEPLOYMENT_TARGET = 8.2;
				MTL_ENABLE_DEBUG_INFO = YES;
				ONLY_ACTIVE_ARCH = YES;
				SDKROOT = iphoneos;
			};
			name = Debug;
		};
		A377C9901ACBE53C00DD0558 /* Release */ = {
			isa = XCBuildConfiguration;
			buildSettings = {
				ALWAYS_SEARCH_USER_PATHS = NO;
				CLANG_CXX_LANGUAGE_STANDARD = "gnu++0x";
				CLANG_CXX_LIBRARY = "libc++";
				CLANG_ENABLE_MODULES = YES;
				CLANG_ENABLE_OBJC_ARC = YES;
				CLANG_WARN_BOOL_CONVERSION = YES;
				CLANG_WARN_CONSTANT_CONVERSION = YES;
				CLANG_WARN_DIRECT_OBJC_ISA_USAGE = YES_ERROR;
				CLANG_WARN_EMPTY_BODY = YES;
				CLANG_WARN_ENUM_CONVERSION = YES;
				CLANG_WARN_INT_CONVERSION = YES;
				CLANG_WARN_OBJC_ROOT_CLASS = YES_ERROR;
				CLANG_WARN_UNREACHABLE_CODE = YES;
				CLANG_WARN__DUPLICATE_METHOD_MATCH = YES;
				COPY_PHASE_STRIP = NO;
				ENABLE_NS_ASSERTIONS = NO;
				ENABLE_STRICT_OBJC_MSGSEND = YES;
				GCC_C_LANGUAGE_STANDARD = gnu99;
				GCC_WARN_64_TO_32_BIT_CONVERSION = YES;
				GCC_WARN_ABOUT_RETURN_TYPE = YES_ERROR;
				GCC_WARN_UNDECLARED_SELECTOR = YES;
				GCC_WARN_UNINITIALIZED_AUTOS = YES_AGGRESSIVE;
				GCC_WARN_UNUSED_FUNCTION = YES;
				GCC_WARN_UNUSED_VARIABLE = YES;
				IPHONEOS_DEPLOYMENT_TARGET = 8.2;
				MTL_ENABLE_DEBUG_INFO = NO;
				SDKROOT = iphoneos;
				VALIDATE_PRODUCT = YES;
			};
			name = Release;
		};
		A377C9921ACBE53C00DD0558 /* Debug */ = {
			isa = XCBuildConfiguration;
			buildSettings = {
				LLVM_LTO = YES;
				OTHER_LDFLAGS = "-ObjC";
				PRODUCT_NAME = "$(TARGET_NAME)";
				SKIP_INSTALL = YES;
			};
			name = Debug;
		};
		A377C9931ACBE53C00DD0558 /* Release */ = {
			isa = XCBuildConfiguration;
			buildSettings = {
				GCC_OPTIMIZATION_LEVEL = 3;
				LLVM_LTO = YES;
				OTHER_LDFLAGS = "-ObjC";
				PRODUCT_NAME = "$(TARGET_NAME)";
				SKIP_INSTALL = YES;
			};
			name = Release;
		};
		A377C9951ACBE53C00DD0558 /* Debug */ = {
			isa = XCBuildConfiguration;
			buildSettings = {
				FRAMEWORK_SEARCH_PATHS = (
					"$(SDKROOT)/Developer/Library/Frameworks",
					"$(inherited)",
				);
				GCC_PREPROCESSOR_DEFINITIONS = (
					"DEBUG=1",
					"$(inherited)",
				);
				INFOPLIST_FILE = SLTStickyCollectionViewLayoutTests/Info.plist;
				LD_RUNPATH_SEARCH_PATHS = "$(inherited) @executable_path/Frameworks @loader_path/Frameworks";
				LIBRARY_SEARCH_PATHS = (
					"$(inherited)",
					"$(PROJECT_DIR)/ExternalSources/OCMock3.1.2",
				);
				OTHER_LDFLAGS = (
					"$(inherited)",
					"-framework",
					XCTest,
					"-ObjC",
				);
				PRODUCT_NAME = "$(TARGET_NAME)";
			};
			name = Debug;
		};
		A377C9961ACBE53C00DD0558 /* Release */ = {
			isa = XCBuildConfiguration;
			buildSettings = {
				FRAMEWORK_SEARCH_PATHS = (
					"$(SDKROOT)/Developer/Library/Frameworks",
					"$(inherited)",
				);
				INFOPLIST_FILE = SLTStickyCollectionViewLayoutTests/Info.plist;
				LD_RUNPATH_SEARCH_PATHS = "$(inherited) @executable_path/Frameworks @loader_path/Frameworks";
				LIBRARY_SEARCH_PATHS = (
					"$(inherited)",
					"$(PROJECT_DIR)/ExternalSources/OCMock3.1.2",
				);
				OTHER_LDFLAGS = (
					"$(inherited)",
					"-framework",
					XCTest,
					"-ObjC",
				);
				PRODUCT_NAME = "$(TARGET_NAME)";
			};
			name = Release;
		};
/* End XCBuildConfiguration section */

/* Begin XCConfigurationList section */
		A377C9781ACBE53B00DD0558 /* Build configuration list for PBXProject "SLTStickyCollectionViewLayout" */ = {
			isa = XCConfigurationList;
			buildConfigurations = (
				A377C98F1ACBE53C00DD0558 /* Debug */,
				A377C9901ACBE53C00DD0558 /* Release */,
			);
			defaultConfigurationIsVisible = 0;
			defaultConfigurationName = Release;
		};
		A377C9911ACBE53C00DD0558 /* Build configuration list for PBXNativeTarget "SLTStickyCollectionViewLayout" */ = {
			isa = XCConfigurationList;
			buildConfigurations = (
				A377C9921ACBE53C00DD0558 /* Debug */,
				A377C9931ACBE53C00DD0558 /* Release */,
			);
			defaultConfigurationIsVisible = 0;
			defaultConfigurationName = Release;
		};
		A377C9941ACBE53C00DD0558 /* Build configuration list for PBXNativeTarget "SLTStickyCollectionViewLayoutTests" */ = {
			isa = XCConfigurationList;
			buildConfigurations = (
				A377C9951ACBE53C00DD0558 /* Debug */,
				A377C9961ACBE53C00DD0558 /* Release */,
			);
			defaultConfigurationIsVisible = 0;
			defaultConfigurationName = Release;
		};
/* End XCConfigurationList section */
	};
	rootObject = A377C9751ACBE53B00DD0558 /* Project object */;
}
