// !$*UTF8*$!
{
	archiveVersion = 1;
	classes = {
	};
	objectVersion = 46;
	objects = {

/* Begin PBXBuildFile section */
		A377C9811ACBE53B00DD0558 /* SLTStickyCollectionViewLayout.h in CopyFiles */ = {isa = PBXBuildFile; fileRef = A377C9801ACBE53B00DD0558 /* SLTStickyCollectionViewLayout.h */; };
		A377C9831ACBE53C00DD0558 /* SLTStickyCollectionViewLayout.m in Sources */ = {isa = PBXBuildFile; fileRef = A377C9821ACBE53C00DD0558 /* SLTStickyCollectionViewLayout.m */; };
		A377C9891ACBE53C00DD0558 /* libSLTStickyCollectionViewLayout.a in Frameworks */ = {isa = PBXBuildFile; fileRef = A377C97D1ACBE53B00DD0558 /* libSLTStickyCollectionViewLayout.a */; };
/* End PBXBuildFile section */

/* Begin PBXContainerItemProxy section */
		A377C98A1ACBE53C00DD0558 /* PBXContainerItemProxy */ = {
			isa = PBXContainerItemProxy;
			containerPortal = A377C9751ACBE53B00DD0558 /* Project object */;
			proxyType = 1;
			remoteGlobalIDString = A377C97C1ACBE53B00DD0558;
			remoteInfo = SLTStickyCollectionViewLayout;
		};
/* End PBXContainerItemProxy section */

/* Begin PBXCopyFilesBuildPhase section */
		A377C97B1ACBE53B00DD0558 /* CopyFiles */ = {
			isa = PBXCopyFilesBuildPhase;
			buildActionMask = 2147483647;
			dstPath = "include/$(PRODUCT_NAME)";
			dstSubfolderSpec = 16;
			files = (
				A377C9811ACBE53B00DD0558 /* SLTStickyCollectionViewLayout.h in CopyFiles */,
			);
			runOnlyForDeploymentPostprocessing = 0;
		};
/* End PBXCopyFilesBuildPhase section */

/* Begin PBXFileReference section */
		A377C97D1ACBE53B00DD0558 /* libSLTStickyCollectionViewLayout.a */ = {isa = PBXFileReference; explicitFileType = archive.ar; includeInIndex = 0; path = libSLTStickyCollectionViewLayout.a; sourceTree = BUILT_PRODUCTS_DIR; };
		A377C9801ACBE53B00DD0558 /* SLTStickyCollectionViewLayout.h */ = {isa = PBXFileReference; lastKnownFileType = sourcecode.c.h; path = SLTStickyCollectionViewLayout.h; sourceTree = "<group>"; };
		A377C9821ACBE53C00DD0558 /* SLTStickyCollectionViewLayout.m */ = {isa = PBXFileReference; lastKnownFileType = sourcecode.c.objc; path = SLTStickyCollectionViewLayout.m; sourceTree = "<group>"; };
		A377C9881ACBE53C00DD0558 /* SLTStickyCollectionViewLayoutTests.xctest */ = {isa = PBXFileReference; explicitFileType = wrapper.cfbundle; includeInIndex = 0; path = SLTStickyCollectionViewLayoutTests.xctest; sourceTree = BUILT_PRODUCTS_DIR; };
		A377C98E1ACBE53C00DD0558 /* Info.plist */ = {isa = PBXFileReference; lastKnownFileType = text.plist.xml; path = Info.plist; sourceTree = "<group>"; };
/* End PBXFileReference section */

/* Begin PBXFrameworksBuildPhase section */
		A377C97A1ACBE53B00DD0558 /* Frameworks */ = {
			isa = PBXFrameworksBuildPhase;
			buildActionMask = 2147483647;
			files = (
			);
			runOnlyForDeploymentPostprocessing = 0;
		};
		A377C9851ACBE53C00DD0558 /* Frameworks */ = {
			isa = PBXFrameworksBuildPhase;
			buildActionMask = 2147483647;
			files = (
				A377C9891ACBE53C00DD0558 /* libSLTStickyCollectionViewLayout.a in Frameworks */,
			);
			runOnlyForDeploymentPostprocessing = 0;
		};
/* End PBXFrameworksBuildPhase section */

/* Begin PBXGroup section */
		A377C9741ACBE53B00DD0558 = {
			isa = PBXGroup;
			children = (
				A377C97F1ACBE53B00DD0558 /* SLTStickyCollectionViewLayout */,
				A377C98C1ACBE53C00DD0558 /* SLTStickyCollectionViewLayoutTests */,
				A377C97E1ACBE53B00DD0558 /* Products */,
			);
			sourceTree = "<group>";
		};
		A377C97E1ACBE53B00DD0558 /* Products */ = {
			isa = PBXGroup;
			children = (
				A377C97D1ACBE53B00DD0558 /* libSLTStickyCollectionViewLayout.a */,
				A377C9881ACBE53C00DD0558 /* SLTStickyCollectionViewLayoutTests.xctest */,
			);
			name = Products;
			sourceTree = "<group>";
		};
		A377C97F1ACBE53B00DD0558 /* SLTStickyCollectionViewLayout */ = {
			isa = PBXGroup;
			children = (
				A377C9801ACBE53B00DD0558 /* SLTStickyCollectionViewLayout.h */,
				A377C9821ACBE53C00DD0558 /* SLTStickyCollectionViewLayout.m */,
			);
			path = SLTStickyCollectionViewLayout;
			sourceTree = "<group>";
		};
		A377C98C1ACBE53C00DD0558 /* SLTStickyCollectionViewLayoutTests */ = {
			isa = PBXGroup;
			children = (
				A377C98D1ACBE53C00DD0558 /* Supporting Files */,
			);
			path = SLTStickyCollectionViewLayoutTests;
			sourceTree = "<group>";
		};
		A377C98D1ACBE53C00DD0558 /* Supporting Files */ = {
			isa = PBXGroup;
			children = (
				A377C98E1ACBE53C00DD0558 /* Info.plist */,
			);
			name = "Supporting Files";
			sourceTree = "<group>";
		};
/* End PBXGroup section */

/* Begin PBXNativeTarget section */
		A377C97C1ACBE53B00DD0558 /* SLTStickyCollectionViewLayout */ = {
			isa = PBXNativeTarget;
			buildConfigurationList = A377C9911ACBE53C00DD0558 /* Build configuration list for PBXNativeTarget "SLTStickyCollectionViewLayout" */;
			buildPhases = (
				A377C9791ACBE53B00DD0558 /* Sources */,
				A377C97A1ACBE53B00DD0558 /* Frameworks */,
				A377C97B1ACBE53B00DD0558 /* CopyFiles */,
			);
			buildRules = (
			);
			dependencies = (
			);
			name = SLTStickyCollectionViewLayout;
			productName = SLTStickyCollectionViewLayout;
			productReference = A377C97D1ACBE53B00DD0558 /* libSLTStickyCollectionViewLayout.a */;
			productType = "com.apple.product-type.library.static";
		};
		A377C9871ACBE53C00DD0558 /* SLTStickyCollectionViewLayoutTests */ = {
			isa = PBXNativeTarget;
			buildConfigurationList = A377C9941ACBE53C00DD0558 /* Build configuration list for PBXNativeTarget "SLTStickyCollectionViewLayoutTests" */;
			buildPhases = (
				A377C9841ACBE53C00DD0558 /* Sources */,
				A377C9851ACBE53C00DD0558 /* Frameworks */,
				A377C9861ACBE53C00DD0558 /* Resources */,
			);
			buildRules = (
			);
			dependencies = (
				A377C98B1ACBE53C00DD0558 /* PBXTargetDependency */,
			);
			name = SLTStickyCollectionViewLayoutTests;
			productName = SLTStickyCollectionViewLayoutTests;
			productReference = A377C9881ACBE53C00DD0558 /* SLTStickyCollectionViewLayoutTests.xctest */;
			productType = "com.apple.product-type.bundle.unit-test";
		};
/* End PBXNativeTarget section */

/* Begin PBXProject section */
		A377C9751ACBE53B00DD0558 /* Project object */ = {
			isa = PBXProject;
			attributes = {
				LastUpgradeCheck = 0620;
				ORGANIZATIONNAME = YOPESO;
				TargetAttributes = {
					A377C97C1ACBE53B00DD0558 = {
						CreatedOnToolsVersion = 6.2;
					};
					A377C9871ACBE53C00DD0558 = {
						CreatedOnToolsVersion = 6.2;
					};
				};
			};
			buildConfigurationList = A377C9781ACBE53B00DD0558 /* Build configuration list for PBXProject "SLTStickyCollectionViewLayout" */;
			compatibilityVersion = "Xcode 3.2";
			developmentRegion = English;
			hasScannedForEncodings = 0;
			knownRegions = (
				en,
			);
			mainGroup = A377C9741ACBE53B00DD0558;
			productRefGroup = A377C97E1ACBE53B00DD0558 /* Products */;
			projectDirPath = "";
			projectRoot = "";
			targets = (
				A377C97C1ACBE53B00DD0558 /* SLTStickyCollectionViewLayout */,
				A377C9871ACBE53C00DD0558 /* SLTStickyCollectionViewLayoutTests */,
			);
		};
/* End PBXProject section */

/* Begin PBXResourcesBuildPhase section */
		A377C9861ACBE53C00DD0558 /* Resources */ = {
			isa = PBXResourcesBuildPhase;
			buildActionMask = 2147483647;
			files = (
			);
			runOnlyForDeploymentPostprocessing = 0;
		};
/* End PBXResourcesBuildPhase section */

/* Begin PBXSourcesBuildPhase section */
		A377C9791ACBE53B00DD0558 /* Sources */ = {
			isa = PBXSourcesBuildPhase;
			buildActionMask = 2147483647;
			files = (
				A377C9831ACBE53C00DD0558 /* SLTStickyCollectionViewLayout.m in Sources */,
			);
			runOnlyForDeploymentPostprocessing = 0;
		};
		A377C9841ACBE53C00DD0558 /* Sources */ = {
			isa = PBXSourcesBuildPhase;
			buildActionMask = 2147483647;
			files = (
			);
			runOnlyForDeploymentPostprocessing = 0;
		};
/* End PBXSourcesBuildPhase section */

/* Begin PBXTargetDependency section */
		A377C98B1ACBE53C00DD0558 /* PBXTargetDependency */ = {
			isa = PBXTargetDependency;
			target = A377C97C1ACBE53B00DD0558 /* SLTStickyCollectionViewLayout */;
			targetProxy = A377C98A1ACBE53C00DD0558 /* PBXContainerItemProxy */;
		};
/* End PBXTargetDependency section */

/* Begin XCBuildConfiguration section */
		A377C98F1ACBE53C00DD0558 /* Debug */ = {
			isa = XCBuildConfiguration;
			buildSettings = {
				ALWAYS_SEARCH_USER_PATHS = NO;
				CLANG_CXX_LANGUAGE_STANDARD = "gnu++0x";
				CLANG_CXX_LIBRARY = "libc++";
				CLANG_ENABLE_MODULES = YES;
				CLANG_ENABLE_OBJC_ARC = YES;
				CLANG_WARN_BOOL_CONVERSION = YES;
				CLANG_WARN_CONSTANT_CONVERSION = YES;
				CLANG_WARN_DIRECT_OBJC_ISA_USAGE = YES_ERROR;
				CLANG_WARN_EMPTY_BODY = YES;
				CLANG_WARN_ENUM_CONVERSION = YES;
				CLANG_WARN_INT_CONVERSION = YES;
				CLANG_WARN_OBJC_ROOT_CLASS = YES_ERROR;
				CLANG_WARN_UNREACHABLE_CODE = YES;
				CLANG_WARN__DUPLICATE_METHOD_MATCH = YES;
				COPY_PHASE_STRIP = NO;
				ENABLE_STRICT_OBJC_MSGSEND = YES;
				GCC_C_LANGUAGE_STANDARD = gnu99;
				GCC_DYNAMIC_NO_PIC = NO;
				GCC_OPTIMIZATION_LEVEL = 0;
				GCC_PREPROCESSOR_DEFINITIONS = (
					"DEBUG=1",
					"$(inherited)",
				);
				GCC_SYMBOLS_PRIVATE_EXTERN = NO;
				GCC_WARN_64_TO_32_BIT_CONVERSION = YES;
				GCC_WARN_ABOUT_RETURN_TYPE = YES_ERROR;
				GCC_WARN_UNDECLARED_SELECTOR = YES;
				GCC_WARN_UNINITIALIZED_AUTOS = YES_AGGRESSIVE;
				GCC_WARN_UNUSED_FUNCTION = YES;
				GCC_WARN_UNUSED_VARIABLE = YES;
				IPHONEOS_DEPLOYMENT_TARGET = 8.2;
				MTL_ENABLE_DEBUG_INFO = YES;
				ONLY_ACTIVE_ARCH = YES;
				SDKROOT = iphoneos;
			};
			name = Debug;
		};
		A377C9901ACBE53C00DD0558 /* Release */ = {
			isa = XCBuildConfiguration;
			buildSettings = {
				ALWAYS_SEARCH_USER_PATHS = NO;
				CLANG_CXX_LANGUAGE_STANDARD = "gnu++0x";
				CLANG_CXX_LIBRARY = "libc++";
				CLANG_ENABLE_MODULES = YES;
				CLANG_ENABLE_OBJC_ARC = YES;
				CLANG_WARN_BOOL_CONVERSION = YES;
				CLANG_WARN_CONSTANT_CONVERSION = YES;
				CLANG_WARN_DIRECT_OBJC_ISA_USAGE = YES_ERROR;
				CLANG_WARN_EMPTY_BODY = YES;
				CLANG_WARN_ENUM_CONVERSION = YES;
				CLANG_WARN_INT_CONVERSION = YES;
				CLANG_WARN_OBJC_ROOT_CLASS = YES_ERROR;
				CLANG_WARN_UNREACHABLE_CODE = YES;
				CLANG_WARN__DUPLICATE_METHOD_MATCH = YES;
				COPY_PHASE_STRIP = NO;
				ENABLE_NS_ASSERTIONS = NO;
				ENABLE_STRICT_OBJC_MSGSEND = YES;
				GCC_C_LANGUAGE_STANDARD = gnu99;
				GCC_WARN_64_TO_32_BIT_CONVERSION = YES;
				GCC_WARN_ABOUT_RETURN_TYPE = YES_ERROR;
				GCC_WARN_UNDECLARED_SELECTOR = YES;
				GCC_WARN_UNINITIALIZED_AUTOS = YES_AGGRESSIVE;
				GCC_WARN_UNUSED_FUNCTION = YES;
				GCC_WARN_UNUSED_VARIABLE = YES;
				IPHONEOS_DEPLOYMENT_TARGET = 8.2;
				MTL_ENABLE_DEBUG_INFO = NO;
				SDKROOT = iphoneos;
				VALIDATE_PRODUCT = YES;
			};
			name = Release;
		};
		A377C9921ACBE53C00DD0558 /* Debug */ = {
			isa = XCBuildConfiguration;
			buildSettings = {
				OTHER_LDFLAGS = "-ObjC";
				PRODUCT_NAME = "$(TARGET_NAME)";
				SKIP_INSTALL = YES;
			};
			name = Debug;
		};
		A377C9931ACBE53C00DD0558 /* Release */ = {
			isa = XCBuildConfiguration;
			buildSettings = {
				OTHER_LDFLAGS = "-ObjC";
				PRODUCT_NAME = "$(TARGET_NAME)";
				SKIP_INSTALL = YES;
			};
			name = Release;
		};
		A377C9951ACBE53C00DD0558 /* Debug */ = {
			isa = XCBuildConfiguration;
			buildSettings = {
				FRAMEWORK_SEARCH_PATHS = (
					"$(SDKROOT)/Developer/Library/Frameworks",
					"$(inherited)",
				);
				GCC_PREPROCESSOR_DEFINITIONS = (
					"DEBUG=1",
					"$(inherited)",
				);
				INFOPLIST_FILE = SLTStickyCollectionViewLayoutTests/Info.plist;
				LD_RUNPATH_SEARCH_PATHS = "$(inherited) @executable_path/Frameworks @loader_path/Frameworks";
				PRODUCT_NAME = "$(TARGET_NAME)";
			};
			name = Debug;
		};
		A377C9961ACBE53C00DD0558 /* Release */ = {
			isa = XCBuildConfiguration;
			buildSettings = {
				FRAMEWORK_SEARCH_PATHS = (
					"$(SDKROOT)/Developer/Library/Frameworks",
					"$(inherited)",
				);
				INFOPLIST_FILE = SLTStickyCollectionViewLayoutTests/Info.plist;
				LD_RUNPATH_SEARCH_PATHS = "$(inherited) @executable_path/Frameworks @loader_path/Frameworks";
				PRODUCT_NAME = "$(TARGET_NAME)";
			};
			name = Release;
		};
/* End XCBuildConfiguration section */

/* Begin XCConfigurationList section */
		A377C9781ACBE53B00DD0558 /* Build configuration list for PBXProject "SLTStickyCollectionViewLayout" */ = {
			isa = XCConfigurationList;
			buildConfigurations = (
				A377C98F1ACBE53C00DD0558 /* Debug */,
				A377C9901ACBE53C00DD0558 /* Release */,
			);
			defaultConfigurationIsVisible = 0;
			defaultConfigurationName = Release;
		};
		A377C9911ACBE53C00DD0558 /* Build configuration list for PBXNativeTarget "SLTStickyCollectionViewLayout" */ = {
			isa = XCConfigurationList;
			buildConfigurations = (
				A377C9921ACBE53C00DD0558 /* Debug */,
				A377C9931ACBE53C00DD0558 /* Release */,
			);
			defaultConfigurationIsVisible = 0;
		};
		A377C9941ACBE53C00DD0558 /* Build configuration list for PBXNativeTarget "SLTStickyCollectionViewLayoutTests" */ = {
			isa = XCConfigurationList;
			buildConfigurations = (
				A377C9951ACBE53C00DD0558 /* Debug */,
				A377C9961ACBE53C00DD0558 /* Release */,
			);
			defaultConfigurationIsVisible = 0;
		};
/* End XCConfigurationList section */
	};
	rootObject = A377C9751ACBE53B00DD0558 /* Project object */;
}
